
Microsoft Visual Studio Solution File, Format Version 12.00
# Visual Studio Version 17
VisualStudioVersion = 17.12.35707.178 d17.12
MinimumVisualStudioVersion = 10.0.40219.1
Project("{FAE04EC0-301F-11D3-BF4B-00C04F79EFBC}") = "Service_Bills_CLI", "Service_Bills_CLI\Service_Bills_CLI.csproj", "{8A630FB7-7D65-4828-9A49-1837EA9D7A7B}"
EndProject
Project("{FAE04EC0-301F-11D3-BF4B-00C04F79EFBC}") = "Service_Bills_Lib", "Service_Bills_Lib\Service_Bills_Lib.csproj", "{C708BE0F-F74C-4096-B90D-2884385D45BA}"
EndProject
Project("{FAE04EC0-301F-11D3-BF4B-00C04F79EFBC}") = "Service_Bills_Tests", "Service_Bills_Tests\Service_Bills_Tests.csproj", "{C72CD2FD-FA49-4A85-A754-E6EA19DB3266}"
EndProject
Global
	GlobalSection(SolutionConfigurationPlatforms) = preSolution
		Debug|Any CPU = Debug|Any CPU
		Release|Any CPU = Release|Any CPU
	EndGlobalSection
	GlobalSection(ProjectConfigurationPlatforms) = postSolution
		{8A630FB7-7D65-4828-9A49-1837EA9D7A7B}.Debug|Any CPU.ActiveCfg = Debug|Any CPU
		{8A630FB7-7D65-4828-9A49-1837EA9D7A7B}.Debug|Any CPU.Build.0 = Debug|Any CPU
		{8A630FB7-7D65-4828-9A49-1837EA9D7A7B}.Release|Any CPU.ActiveCfg = Release|Any CPU
		{8A630FB7-7D65-4828-9A49-1837EA9D7A7B}.Release|Any CPU.Build.0 = Release|Any CPU
		{C708BE0F-F74C-4096-B90D-2884385D45BA}.Debug|Any CPU.ActiveCfg = Debug|Any CPU
		{C708BE0F-F74C-4096-B90D-2884385D45BA}.Debug|Any CPU.Build.0 = Debug|Any CPU
		{C708BE0F-F74C-4096-B90D-2884385D45BA}.Release|Any CPU.ActiveCfg = Release|Any CPU
		{C708BE0F-F74C-4096-B90D-2884385D45BA}.Release|Any CPU.Build.0 = Release|Any CPU
		{C72CD2FD-FA49-4A85-A754-E6EA19DB3266}.Debug|Any CPU.ActiveCfg = Debug|Any CPU
		{C72CD2FD-FA49-4A85-A754-E6EA19DB3266}.Debug|Any CPU.Build.0 = Debug|Any CPU
		{C72CD2FD-FA49-4A85-A754-E6EA19DB3266}.Release|Any CPU.ActiveCfg = Release|Any CPU
		{C72CD2FD-FA49-4A85-A754-E6EA19DB3266}.Release|Any CPU.Build.0 = Release|Any CPU
	EndGlobalSection
	GlobalSection(SolutionProperties) = preSolution
		HideSolutionNode = FALSE
	EndGlobalSection
EndGlobal
